{
  "version": 4,
  "terraform_version": "1.6.6",
  "serial": 165,
  "lineage": "55cea289-6d76-2ba7-63c1-7e8c056e3efa",
  "outputs": {
    "control-plane-ip_addresses": {
      "value": {
        "k8s-controllers-2": [
          "10.17.3.2"
        ],
        "k8s-controllers-3": [
          "10.17.3.3"
        ],
        "k8s-controllers-4": [
          "10.17.3.4"
        ]
      },
      "type": [
        "object",
        {
          "k8s-controllers-2": [
            "list",
            "string"
          ],
          "k8s-controllers-3": [
            "list",
            "string"
          ],
          "k8s-controllers-4": [
            "list",
            "string"
          ]
        }
      ]
    },
    "node-ip_addresses": {
      "value": {
        "k8s-nodes-10": [
          "10.17.3.10"
        ],
        "k8s-nodes-11": [
          "10.17.3.11"
        ]
      },
      "type": [
        "object",
        {
          "k8s-nodes-10": [
            "list",
            "string"
          ],
          "k8s-nodes-11": [
            "list",
            "string"
          ]
        }
      ]
    }
  },
  "resources": [
    {
      "module": "module.k8s-control-plane",
      "mode": "managed",
      "type": "libvirt_cloudinit_disk",
      "name": "commoninit",
      "provider": "provider[\"registry.terraform.io/dmacvicar/libvirt\"]",
      "instances": [
        {
          "index_key": 0,
          "schema_version": 0,
          "attributes": {
            "id": "/var/lib/libvirt/images/k8s-control-plane.commoninit-0.iso;dd9316df-4d2a-4e87-9566-1843ef960106",
            "meta_data": "",
            "name": "k8s-control-plane.commoninit-0.iso",
            "network_config": "version: 2\nethernets:\n  ens3:\n    dhcp4: false\n    addresses:\n    - 10.17.3.2/24\n    gateway4: 10.17.3.1\n    nameservers:\n      addresses: [\"10.0.0.10\",\"1.1.1.1\"]\n",
            "pool": "default",
            "user_data": "#cloud-config\n# vim: syntax=yaml\n\nhostname: k8s-controllers-2\n\ngrowpart:\n  mode: auto\n  devices: ['/']\n\nusers:\n  - name: terraform-libvirt\n    ssh_authorized_keys:\n      - ssh-rsa AAAAB3NzaC1yc2EAAAADAQABAAABgQCVX5JQBjwChwLwQcl4AAErdJPb+Ex8jsOipdIGLRhAI7Jq5HNGcGwekTBPk/p+GwDQPn3eRpLCFlSGyKtmZzp1QUCWVkLMHoKMFtpp2IX5zpj7Z0v3kkhsYNQrXc4BDY4nmwSGgMBcidn8iyFBpnsQ+PPPIS4xgPL4PHlgeF1hYo3wuOTj8WYIltgxvkOJsPlmi0Xo8tndmHWsVRfG0tQRBIFRx5UtK3+q8IUfGZuoSYE5XC2zhIPVRgIbofvmU4xyArsupZMCzOUYWt7WxvyOd3RVX+cw+vKv29FJ8Figsn2ulNhf27zEUuWrawEPzd+iLjyD6k+fHCYiYoVC1OAqOpCtk2YtxUrDIz/GlT0voE6Tfg5yKJnrwr7gTKS1qw4kPEJjXf2kJUZgF3mGUjDzHmOF74Y39JHWqRO43rI4GDmerL72TlESBIXaG29FQXVH1FBxXnCgXTtjBYx3R/FwpZ9A9IySXw/4vugWOeFjVuAQnZO4XeA60JlPPL2ZPME= kai@im\n    \n    sudo: ['ALL=(ALL) NOPASSWD:ALL']\n    shell: /bin/bash\n    groups: wheel\n\nssh_pwauth: True\nchpasswd:\n  list: |\n     root:terraform-libvirt-linux\n  expire: False\n\nruncmd:\n  - modprobe br_netfilter\n  - echo \"net.ipv4.ip_forward = 1\\nnet.bridge.bridge-nf-call-ip6tables = 1\\nnet.bridge.bridge-nf-call-iptables = 1\" \u003e /etc/sysctl.d/k8s.conf\n  - sysctl --system\n  - apt-get update \u0026\u0026 apt-get install -y apt-transport-https curl containerd 2\u003e\u00261\n  - curl -s https://packages.cloud.google.com/apt/doc/apt-key.gpg | apt-key add - 2\u003e\u00261\n  - echo \"deb https://apt.kubernetes.io/ kubernetes-xenial main\" \u003e /etc/apt/sources.list.d/kubernetes.list 2\u003e\u00261\n  - apt-get update \u0026\u0026 apt-get install -y kubelet kubeadm kubectl 2\u003e\u00261\n  - apt-mark hold kubelet kubeadm kubectl 2\u003e\u00261\n"
          },
          "sensitive_attributes": [],
          "private": "bnVsbA==",
          "dependencies": [
            "module.network.libvirt_network.kube_network"
          ]
        },
        {
          "index_key": 1,
          "schema_version": 0,
          "attributes": {
            "id": "/var/lib/libvirt/images/k8s-control-plane.commoninit-1.iso;ad2789bd-cf6c-4591-8f71-787421e23681",
            "meta_data": "",
            "name": "k8s-control-plane.commoninit-1.iso",
            "network_config": "version: 2\nethernets:\n  ens3:\n    dhcp4: false\n    addresses:\n    - 10.17.3.3/24\n    gateway4: 10.17.3.1\n    nameservers:\n      addresses: [\"10.0.0.10\",\"1.1.1.1\"]\n",
            "pool": "default",
            "user_data": "#cloud-config\n# vim: syntax=yaml\n\nhostname: k8s-controllers-3\n\ngrowpart:\n  mode: auto\n  devices: ['/']\n\nusers:\n  - name: terraform-libvirt\n    ssh_authorized_keys:\n      - ssh-rsa AAAAB3NzaC1yc2EAAAADAQABAAABgQCVX5JQBjwChwLwQcl4AAErdJPb+Ex8jsOipdIGLRhAI7Jq5HNGcGwekTBPk/p+GwDQPn3eRpLCFlSGyKtmZzp1QUCWVkLMHoKMFtpp2IX5zpj7Z0v3kkhsYNQrXc4BDY4nmwSGgMBcidn8iyFBpnsQ+PPPIS4xgPL4PHlgeF1hYo3wuOTj8WYIltgxvkOJsPlmi0Xo8tndmHWsVRfG0tQRBIFRx5UtK3+q8IUfGZuoSYE5XC2zhIPVRgIbofvmU4xyArsupZMCzOUYWt7WxvyOd3RVX+cw+vKv29FJ8Figsn2ulNhf27zEUuWrawEPzd+iLjyD6k+fHCYiYoVC1OAqOpCtk2YtxUrDIz/GlT0voE6Tfg5yKJnrwr7gTKS1qw4kPEJjXf2kJUZgF3mGUjDzHmOF74Y39JHWqRO43rI4GDmerL72TlESBIXaG29FQXVH1FBxXnCgXTtjBYx3R/FwpZ9A9IySXw/4vugWOeFjVuAQnZO4XeA60JlPPL2ZPME= kai@im\n    \n    sudo: ['ALL=(ALL) NOPASSWD:ALL']\n    shell: /bin/bash\n    groups: wheel\n\nssh_pwauth: True\nchpasswd:\n  list: |\n     root:terraform-libvirt-linux\n  expire: False\n\nruncmd:\n  - modprobe br_netfilter\n  - echo \"net.ipv4.ip_forward = 1\\nnet.bridge.bridge-nf-call-ip6tables = 1\\nnet.bridge.bridge-nf-call-iptables = 1\" \u003e /etc/sysctl.d/k8s.conf\n  - sysctl --system\n  - apt-get update \u0026\u0026 apt-get install -y apt-transport-https curl containerd 2\u003e\u00261\n  - curl -s https://packages.cloud.google.com/apt/doc/apt-key.gpg | apt-key add - 2\u003e\u00261\n  - echo \"deb https://apt.kubernetes.io/ kubernetes-xenial main\" \u003e /etc/apt/sources.list.d/kubernetes.list 2\u003e\u00261\n  - apt-get update \u0026\u0026 apt-get install -y kubelet kubeadm kubectl 2\u003e\u00261\n  - apt-mark hold kubelet kubeadm kubectl 2\u003e\u00261\n"
          },
          "sensitive_attributes": [],
          "private": "bnVsbA==",
          "dependencies": [
            "module.network.libvirt_network.kube_network"
          ]
        },
        {
          "index_key": 2,
          "schema_version": 0,
          "attributes": {
            "id": "/var/lib/libvirt/images/k8s-control-plane.commoninit-2.iso;faf72c84-1241-4020-98af-dd301cbd2c51",
            "meta_data": "",
            "name": "k8s-control-plane.commoninit-2.iso",
            "network_config": "version: 2\nethernets:\n  ens3:\n    dhcp4: false\n    addresses:\n    - 10.17.3.4/24\n    gateway4: 10.17.3.1\n    nameservers:\n      addresses: [\"10.0.0.10\",\"1.1.1.1\"]\n",
            "pool": "default",
            "user_data": "#cloud-config\n# vim: syntax=yaml\n\nhostname: k8s-controllers-4\n\ngrowpart:\n  mode: auto\n  devices: ['/']\n\nusers:\n  - name: terraform-libvirt\n    ssh_authorized_keys:\n      - ssh-rsa AAAAB3NzaC1yc2EAAAADAQABAAABgQCVX5JQBjwChwLwQcl4AAErdJPb+Ex8jsOipdIGLRhAI7Jq5HNGcGwekTBPk/p+GwDQPn3eRpLCFlSGyKtmZzp1QUCWVkLMHoKMFtpp2IX5zpj7Z0v3kkhsYNQrXc4BDY4nmwSGgMBcidn8iyFBpnsQ+PPPIS4xgPL4PHlgeF1hYo3wuOTj8WYIltgxvkOJsPlmi0Xo8tndmHWsVRfG0tQRBIFRx5UtK3+q8IUfGZuoSYE5XC2zhIPVRgIbofvmU4xyArsupZMCzOUYWt7WxvyOd3RVX+cw+vKv29FJ8Figsn2ulNhf27zEUuWrawEPzd+iLjyD6k+fHCYiYoVC1OAqOpCtk2YtxUrDIz/GlT0voE6Tfg5yKJnrwr7gTKS1qw4kPEJjXf2kJUZgF3mGUjDzHmOF74Y39JHWqRO43rI4GDmerL72TlESBIXaG29FQXVH1FBxXnCgXTtjBYx3R/FwpZ9A9IySXw/4vugWOeFjVuAQnZO4XeA60JlPPL2ZPME= kai@im\n    \n    sudo: ['ALL=(ALL) NOPASSWD:ALL']\n    shell: /bin/bash\n    groups: wheel\n\nssh_pwauth: True\nchpasswd:\n  list: |\n     root:terraform-libvirt-linux\n  expire: False\n\nruncmd:\n  - modprobe br_netfilter\n  - echo \"net.ipv4.ip_forward = 1\\nnet.bridge.bridge-nf-call-ip6tables = 1\\nnet.bridge.bridge-nf-call-iptables = 1\" \u003e /etc/sysctl.d/k8s.conf\n  - sysctl --system\n  - apt-get update \u0026\u0026 apt-get install -y apt-transport-https curl containerd 2\u003e\u00261\n  - curl -s https://packages.cloud.google.com/apt/doc/apt-key.gpg | apt-key add - 2\u003e\u00261\n  - echo \"deb https://apt.kubernetes.io/ kubernetes-xenial main\" \u003e /etc/apt/sources.list.d/kubernetes.list 2\u003e\u00261\n  - apt-get update \u0026\u0026 apt-get install -y kubelet kubeadm kubectl 2\u003e\u00261\n  - apt-mark hold kubelet kubeadm kubectl 2\u003e\u00261\n"
          },
          "sensitive_attributes": [],
          "private": "bnVsbA==",
          "dependencies": [
            "module.network.libvirt_network.kube_network"
          ]
        }
      ]
    },
    {
      "module": "module.k8s-control-plane",
      "mode": "managed",
      "type": "libvirt_domain",
      "name": "k8s-controllers",
      "provider": "provider[\"registry.terraform.io/dmacvicar/libvirt\"]",
      "instances": [
        {
          "index_key": 0,
          "schema_version": 0,
          "attributes": {
            "arch": "x86_64",
            "autostart": false,
            "boot_device": [],
            "cloudinit": "/var/lib/libvirt/images/k8s-control-plane.commoninit-0.iso;dd9316df-4d2a-4e87-9566-1843ef960106",
            "cmdline": [],
            "console": [
              {
                "source_host": "127.0.0.1",
                "source_path": "",
                "source_service": "0",
                "target_port": "0",
                "target_type": "serial",
                "type": "pty"
              }
            ],
            "coreos_ignition": null,
            "cpu": [
              {
                "mode": "custom"
              }
            ],
            "description": "",
            "disk": [
              {
                "block_device": "",
                "file": "",
                "scsi": false,
                "url": "",
                "volume_id": "/var/lib/libvirt/images/k8s-control-plane_2.qcow2",
                "wwn": ""
              }
            ],
            "emulator": "/usr/bin/qemu-system-x86_64",
            "filesystem": [],
            "firmware": null,
            "fw_cfg_name": "opt/com.coreos/config",
            "graphics": [
              {
                "autoport": true,
                "listen_address": "127.0.0.1",
                "listen_type": "address",
                "type": "spice",
                "websocket": 0
              }
            ],
            "id": "1ca293cb-a17a-4087-a602-8a54405ff854",
            "initrd": "",
            "kernel": "",
            "machine": "pc",
            "memory": 2048,
            "metadata": null,
            "name": "k8s-controllers-2",
            "network_interface": [
              {
                "addresses": [
                  "10.17.3.2"
                ],
                "bridge": "",
                "hostname": "k8s-controllers-2",
                "mac": "52:54:00:D6:46:ED",
                "macvtap": "",
                "network_id": "b0523e6f-f58c-48b1-8027-73c6437f5692",
                "network_name": "k8snet",
                "passthrough": "",
                "vepa": "",
                "wait_for_lease": false
              }
            ],
            "nvram": [],
            "qemu_agent": false,
            "running": true,
            "timeouts": null,
            "tpm": [],
            "type": "kvm",
            "vcpu": 2,
            "video": [],
            "xml": []
          },
          "sensitive_attributes": [],
          "private": "eyJlMmJmYjczMC1lY2FhLTExZTYtOGY4OC0zNDM2M2JjN2M0YzAiOnsiY3JlYXRlIjozMDAwMDAwMDAwMDB9fQ==",
          "dependencies": [
            "module.k8s-control-plane.libvirt_cloudinit_disk.commoninit",
            "module.k8s-control-plane.libvirt_volume.os_image",
            "module.k8s-control-plane.libvirt_volume.volume_qcow2",
            "module.network.libvirt_network.kube_network"
          ]
        },
        {
          "index_key": 1,
          "schema_version": 0,
          "attributes": {
            "arch": "x86_64",
            "autostart": false,
            "boot_device": [],
            "cloudinit": "/var/lib/libvirt/images/k8s-control-plane.commoninit-1.iso;ad2789bd-cf6c-4591-8f71-787421e23681",
            "cmdline": [],
            "console": [
              {
                "source_host": "127.0.0.1",
                "source_path": "",
                "source_service": "0",
                "target_port": "0",
                "target_type": "serial",
                "type": "pty"
              }
            ],
            "coreos_ignition": null,
            "cpu": [
              {
                "mode": "custom"
              }
            ],
            "description": "",
            "disk": [
              {
                "block_device": "",
                "file": "",
                "scsi": false,
                "url": "",
                "volume_id": "/var/lib/libvirt/images/k8s-control-plane_3.qcow2",
                "wwn": ""
              }
            ],
            "emulator": "/usr/bin/qemu-system-x86_64",
            "filesystem": [],
            "firmware": null,
            "fw_cfg_name": "opt/com.coreos/config",
            "graphics": [
              {
                "autoport": true,
                "listen_address": "127.0.0.1",
                "listen_type": "address",
                "type": "spice",
                "websocket": 0
              }
            ],
            "id": "31da1d69-f99b-4a41-a81c-6603968b8c60",
            "initrd": "",
            "kernel": "",
            "machine": "pc",
            "memory": 2048,
            "metadata": null,
            "name": "k8s-controllers-3",
            "network_interface": [
              {
                "addresses": [
                  "10.17.3.3"
                ],
                "bridge": "",
                "hostname": "k8s-controllers-3",
                "mac": "52:54:00:E6:51:FA",
                "macvtap": "",
                "network_id": "b0523e6f-f58c-48b1-8027-73c6437f5692",
                "network_name": "k8snet",
                "passthrough": "",
                "vepa": "",
                "wait_for_lease": false
              }
            ],
            "nvram": [],
            "qemu_agent": false,
            "running": true,
            "timeouts": null,
            "tpm": [],
            "type": "kvm",
            "vcpu": 2,
            "video": [],
            "xml": []
          },
          "sensitive_attributes": [],
          "private": "eyJlMmJmYjczMC1lY2FhLTExZTYtOGY4OC0zNDM2M2JjN2M0YzAiOnsiY3JlYXRlIjozMDAwMDAwMDAwMDB9fQ==",
          "dependencies": [
            "module.k8s-control-plane.libvirt_cloudinit_disk.commoninit",
            "module.k8s-control-plane.libvirt_volume.os_image",
            "module.k8s-control-plane.libvirt_volume.volume_qcow2",
            "module.network.libvirt_network.kube_network"
          ]
        },
        {
          "index_key": 2,
          "schema_version": 0,
          "attributes": {
            "arch": "x86_64",
            "autostart": false,
            "boot_device": [],
            "cloudinit": "/var/lib/libvirt/images/k8s-control-plane.commoninit-2.iso;faf72c84-1241-4020-98af-dd301cbd2c51",
            "cmdline": [],
            "console": [
              {
                "source_host": "127.0.0.1",
                "source_path": "",
                "source_service": "0",
                "target_port": "0",
                "target_type": "serial",
                "type": "pty"
              }
            ],
            "coreos_ignition": null,
            "cpu": [
              {
                "mode": "custom"
              }
            ],
            "description": "",
            "disk": [
              {
                "block_device": "",
                "file": "",
                "scsi": false,
                "url": "",
                "volume_id": "/var/lib/libvirt/images/k8s-control-plane_4.qcow2",
                "wwn": ""
              }
            ],
            "emulator": "/usr/bin/qemu-system-x86_64",
            "filesystem": [],
            "firmware": null,
            "fw_cfg_name": "opt/com.coreos/config",
            "graphics": [
              {
                "autoport": true,
                "listen_address": "127.0.0.1",
                "listen_type": "address",
                "type": "spice",
                "websocket": 0
              }
            ],
            "id": "d815e346-e6d9-4262-996f-1d4a30dd1c4a",
            "initrd": "",
            "kernel": "",
            "machine": "pc",
            "memory": 2048,
            "metadata": null,
            "name": "k8s-controllers-4",
            "network_interface": [
              {
                "addresses": [
                  "10.17.3.4"
                ],
                "bridge": "",
                "hostname": "k8s-controllers-4",
                "mac": "52:54:00:EE:37:92",
                "macvtap": "",
                "network_id": "b0523e6f-f58c-48b1-8027-73c6437f5692",
                "network_name": "k8snet",
                "passthrough": "",
                "vepa": "",
                "wait_for_lease": false
              }
            ],
            "nvram": [],
            "qemu_agent": false,
            "running": true,
            "timeouts": null,
            "tpm": [],
            "type": "kvm",
            "vcpu": 2,
            "video": [],
            "xml": []
          },
          "sensitive_attributes": [],
          "private": "eyJlMmJmYjczMC1lY2FhLTExZTYtOGY4OC0zNDM2M2JjN2M0YzAiOnsiY3JlYXRlIjozMDAwMDAwMDAwMDB9fQ==",
          "dependencies": [
            "module.k8s-control-plane.libvirt_cloudinit_disk.commoninit",
            "module.k8s-control-plane.libvirt_volume.os_image",
            "module.k8s-control-plane.libvirt_volume.volume_qcow2",
            "module.network.libvirt_network.kube_network"
          ]
        }
      ]
    },
    {
      "module": "module.k8s-control-plane",
      "mode": "managed",
      "type": "libvirt_volume",
      "name": "os_image",
      "provider": "provider[\"registry.terraform.io/dmacvicar/libvirt\"]",
      "instances": [
        {
          "schema_version": 0,
          "attributes": {
            "base_volume_id": null,
            "base_volume_name": null,
            "base_volume_pool": null,
            "format": "qcow2",
            "id": "/var/lib/libvirt/images/os_image",
            "name": "os_image",
            "pool": "default",
            "size": 3758096384,
            "source": "/home/kai/Downloads/noble-server-cloudimg-amd64.img",
            "xml": []
          },
          "sensitive_attributes": [],
          "private": "bnVsbA==",
          "dependencies": [
            "module.network.libvirt_network.kube_network"
          ]
        }
      ]
    },
    {
      "module": "module.k8s-control-plane",
      "mode": "managed",
      "type": "libvirt_volume",
      "name": "volume_qcow2",
      "provider": "provider[\"registry.terraform.io/dmacvicar/libvirt\"]",
      "instances": [
        {
          "index_key": 0,
          "schema_version": 0,
          "attributes": {
            "base_volume_id": "/var/lib/libvirt/images/os_image",
            "base_volume_name": null,
            "base_volume_pool": null,
            "format": "qcow2",
            "id": "/var/lib/libvirt/images/k8s-control-plane_2.qcow2",
            "name": "k8s-control-plane_2.qcow2",
            "pool": "default",
            "size": 26843546624,
            "source": null,
            "xml": []
          },
          "sensitive_attributes": [],
          "private": "bnVsbA==",
          "dependencies": [
            "module.k8s-control-plane.libvirt_volume.os_image",
            "module.network.libvirt_network.kube_network"
          ]
        },
        {
          "index_key": 1,
          "schema_version": 0,
          "attributes": {
            "base_volume_id": "/var/lib/libvirt/images/os_image",
            "base_volume_name": null,
            "base_volume_pool": null,
            "format": "qcow2",
            "id": "/var/lib/libvirt/images/k8s-control-plane_3.qcow2",
            "name": "k8s-control-plane_3.qcow2",
            "pool": "default",
            "size": 26843546624,
            "source": null,
            "xml": []
          },
          "sensitive_attributes": [],
          "private": "bnVsbA==",
          "dependencies": [
            "module.k8s-control-plane.libvirt_volume.os_image",
            "module.network.libvirt_network.kube_network"
          ]
        },
        {
          "index_key": 2,
          "schema_version": 0,
          "attributes": {
            "base_volume_id": "/var/lib/libvirt/images/os_image",
            "base_volume_name": null,
            "base_volume_pool": null,
            "format": "qcow2",
            "id": "/var/lib/libvirt/images/k8s-control-plane_4.qcow2",
            "name": "k8s-control-plane_4.qcow2",
            "pool": "default",
            "size": 26843546624,
            "source": null,
            "xml": []
          },
          "sensitive_attributes": [],
          "private": "bnVsbA==",
          "dependencies": [
            "module.k8s-control-plane.libvirt_volume.os_image",
            "module.network.libvirt_network.kube_network"
          ]
        }
      ]
    },
    {
      "module": "module.k8s-nodes",
      "mode": "managed",
      "type": "libvirt_cloudinit_disk",
      "name": "commoninit",
      "provider": "provider[\"registry.terraform.io/dmacvicar/libvirt\"]",
      "instances": [
        {
          "index_key": 0,
          "schema_version": 0,
          "attributes": {
            "id": "/var/lib/libvirt/images/k8s-nodes.commoninit-0.iso;84441c00-e5af-4114-9353-25715c2f5516",
            "meta_data": "",
            "name": "k8s-nodes.commoninit-0.iso",
            "network_config": "version: 2\nethernets:\n  ens3:\n    dhcp4: false\n    addresses:\n    - 10.17.3.10/24\n    gateway4: 10.17.3.1\n    nameservers:\n      addresses: [\"10.0.0.10\",\"1.1.1.1\"]\n",
            "pool": "default",
            "user_data": "#cloud-config\n# vim: syntax=yaml\n\nhostname: k8s-controllers-10\n\ngrowpart:\n  mode: auto\n  devices: ['/']\n\nusers:\n  - name: terraform-libvirt\n    ssh_authorized_keys:\n      - ssh-rsa AAAAB3NzaC1yc2EAAAADAQABAAABgQCVX5JQBjwChwLwQcl4AAErdJPb+Ex8jsOipdIGLRhAI7Jq5HNGcGwekTBPk/p+GwDQPn3eRpLCFlSGyKtmZzp1QUCWVkLMHoKMFtpp2IX5zpj7Z0v3kkhsYNQrXc4BDY4nmwSGgMBcidn8iyFBpnsQ+PPPIS4xgPL4PHlgeF1hYo3wuOTj8WYIltgxvkOJsPlmi0Xo8tndmHWsVRfG0tQRBIFRx5UtK3+q8IUfGZuoSYE5XC2zhIPVRgIbofvmU4xyArsupZMCzOUYWt7WxvyOd3RVX+cw+vKv29FJ8Figsn2ulNhf27zEUuWrawEPzd+iLjyD6k+fHCYiYoVC1OAqOpCtk2YtxUrDIz/GlT0voE6Tfg5yKJnrwr7gTKS1qw4kPEJjXf2kJUZgF3mGUjDzHmOF74Y39JHWqRO43rI4GDmerL72TlESBIXaG29FQXVH1FBxXnCgXTtjBYx3R/FwpZ9A9IySXw/4vugWOeFjVuAQnZO4XeA60JlPPL2ZPME= kai@im\n    \n    sudo: ['ALL=(ALL) NOPASSWD:ALL']\n    shell: /bin/bash\n    groups: wheel\n\nssh_pwauth: True\nchpasswd:\n  list: |\n     root:terraform-libvirt-linux\n  expire: False\n\nruncmd:\n  - modprobe br_netfilter\n  - echo \"net.ipv4.ip_forward = 1\\nnet.bridge.bridge-nf-call-ip6tables = 1\\nnet.bridge.bridge-nf-call-iptables = 1\" \u003e /etc/sysctl.d/k8s.conf\n  - sysctl --system\n  - apt-get update \u0026\u0026 apt-get install -y apt-transport-https curl containerd 2\u003e\u00261\n  - curl -s https://packages.cloud.google.com/apt/doc/apt-key.gpg | apt-key add - 2\u003e\u00261\n  - echo \"deb https://apt.kubernetes.io/ kubernetes-xenial main\" \u003e /etc/apt/sources.list.d/kubernetes.list 2\u003e\u00261\n  - apt-get update \u0026\u0026 apt-get install -y kubelet kubectl 2\u003e\u00261\n  - apt-mark hold kubelet kubectl 2\u003e\u00261\n"
          },
          "sensitive_attributes": [],
          "private": "bnVsbA==",
          "dependencies": [
            "module.network.libvirt_network.kube_network"
          ]
        },
        {
          "index_key": 1,
          "schema_version": 0,
          "attributes": {
            "id": "/var/lib/libvirt/images/k8s-nodes.commoninit-1.iso;a8ad02cb-6018-457c-ac61-4e7b7493c071",
            "meta_data": "",
            "name": "k8s-nodes.commoninit-1.iso",
            "network_config": "version: 2\nethernets:\n  ens3:\n    dhcp4: false\n    addresses:\n    - 10.17.3.11/24\n    gateway4: 10.17.3.1\n    nameservers:\n      addresses: [\"10.0.0.10\",\"1.1.1.1\"]\n",
            "pool": "default",
            "user_data": "#cloud-config\n# vim: syntax=yaml\n\nhostname: k8s-controllers-11\n\ngrowpart:\n  mode: auto\n  devices: ['/']\n\nusers:\n  - name: terraform-libvirt\n    ssh_authorized_keys:\n      - ssh-rsa AAAAB3NzaC1yc2EAAAADAQABAAABgQCVX5JQBjwChwLwQcl4AAErdJPb+Ex8jsOipdIGLRhAI7Jq5HNGcGwekTBPk/p+GwDQPn3eRpLCFlSGyKtmZzp1QUCWVkLMHoKMFtpp2IX5zpj7Z0v3kkhsYNQrXc4BDY4nmwSGgMBcidn8iyFBpnsQ+PPPIS4xgPL4PHlgeF1hYo3wuOTj8WYIltgxvkOJsPlmi0Xo8tndmHWsVRfG0tQRBIFRx5UtK3+q8IUfGZuoSYE5XC2zhIPVRgIbofvmU4xyArsupZMCzOUYWt7WxvyOd3RVX+cw+vKv29FJ8Figsn2ulNhf27zEUuWrawEPzd+iLjyD6k+fHCYiYoVC1OAqOpCtk2YtxUrDIz/GlT0voE6Tfg5yKJnrwr7gTKS1qw4kPEJjXf2kJUZgF3mGUjDzHmOF74Y39JHWqRO43rI4GDmerL72TlESBIXaG29FQXVH1FBxXnCgXTtjBYx3R/FwpZ9A9IySXw/4vugWOeFjVuAQnZO4XeA60JlPPL2ZPME= kai@im\n    \n    sudo: ['ALL=(ALL) NOPASSWD:ALL']\n    shell: /bin/bash\n    groups: wheel\n\nssh_pwauth: True\nchpasswd:\n  list: |\n     root:terraform-libvirt-linux\n  expire: False\n\nruncmd:\n  - modprobe br_netfilter\n  - echo \"net.ipv4.ip_forward = 1\\nnet.bridge.bridge-nf-call-ip6tables = 1\\nnet.bridge.bridge-nf-call-iptables = 1\" \u003e /etc/sysctl.d/k8s.conf\n  - sysctl --system\n  - apt-get update \u0026\u0026 apt-get install -y apt-transport-https curl containerd 2\u003e\u00261\n  - curl -s https://packages.cloud.google.com/apt/doc/apt-key.gpg | apt-key add - 2\u003e\u00261\n  - echo \"deb https://apt.kubernetes.io/ kubernetes-xenial main\" \u003e /etc/apt/sources.list.d/kubernetes.list 2\u003e\u00261\n  - apt-get update \u0026\u0026 apt-get install -y kubelet kubectl 2\u003e\u00261\n  - apt-mark hold kubelet kubectl 2\u003e\u00261\n"
          },
          "sensitive_attributes": [],
          "private": "bnVsbA==",
          "dependencies": [
            "module.network.libvirt_network.kube_network"
          ]
        }
      ]
    },
    {
      "module": "module.k8s-nodes",
      "mode": "managed",
      "type": "libvirt_domain",
      "name": "k8s-nodes",
      "provider": "provider[\"registry.terraform.io/dmacvicar/libvirt\"]",
      "instances": [
        {
          "index_key": 0,
          "schema_version": 0,
          "attributes": {
            "arch": "x86_64",
            "autostart": false,
            "boot_device": [],
            "cloudinit": "/var/lib/libvirt/images/k8s-nodes.commoninit-0.iso;84441c00-e5af-4114-9353-25715c2f5516",
            "cmdline": [],
            "console": [
              {
                "source_host": "127.0.0.1",
                "source_path": "",
                "source_service": "0",
                "target_port": "0",
                "target_type": "serial",
                "type": "pty"
              }
            ],
            "coreos_ignition": null,
            "cpu": [
              {
                "mode": "custom"
              }
            ],
            "description": "",
            "disk": [
              {
                "block_device": "",
                "file": "",
                "scsi": false,
                "url": "",
                "volume_id": "/var/lib/libvirt/images/k8s-nodes_10.qcow2",
                "wwn": ""
              }
            ],
            "emulator": "/usr/bin/qemu-system-x86_64",
            "filesystem": [],
            "firmware": null,
            "fw_cfg_name": "opt/com.coreos/config",
            "graphics": [
              {
                "autoport": true,
                "listen_address": "127.0.0.1",
                "listen_type": "address",
                "type": "spice",
                "websocket": 0
              }
            ],
            "id": "a25f7069-9d9a-4201-b748-1e5bcec42301",
            "initrd": "",
            "kernel": "",
            "machine": "pc",
            "memory": 2048,
            "metadata": null,
            "name": "k8s-nodes-10",
            "network_interface": [
              {
                "addresses": [
                  "10.17.3.10"
                ],
                "bridge": "",
                "hostname": "k8s-nodes-10",
                "mac": "52:54:00:56:B2:B0",
                "macvtap": "",
                "network_id": "b0523e6f-f58c-48b1-8027-73c6437f5692",
                "network_name": "k8snet",
                "passthrough": "",
                "vepa": "",
                "wait_for_lease": false
              }
            ],
            "nvram": [],
            "qemu_agent": false,
            "running": true,
            "timeouts": null,
            "tpm": [],
            "type": "kvm",
            "vcpu": 2,
            "video": [],
            "xml": []
          },
          "sensitive_attributes": [],
          "private": "eyJlMmJmYjczMC1lY2FhLTExZTYtOGY4OC0zNDM2M2JjN2M0YzAiOnsiY3JlYXRlIjozMDAwMDAwMDAwMDB9fQ==",
          "dependencies": [
            "module.k8s-nodes.libvirt_cloudinit_disk.commoninit",
            "module.k8s-nodes.libvirt_volume.os_image",
            "module.k8s-nodes.libvirt_volume.volume_qcow2",
            "module.network.libvirt_network.kube_network"
          ]
        },
        {
          "index_key": 1,
          "schema_version": 0,
          "attributes": {
            "arch": "x86_64",
            "autostart": false,
            "boot_device": [],
            "cloudinit": "/var/lib/libvirt/images/k8s-nodes.commoninit-1.iso;a8ad02cb-6018-457c-ac61-4e7b7493c071",
            "cmdline": [],
            "console": [
              {
                "source_host": "127.0.0.1",
                "source_path": "",
                "source_service": "0",
                "target_port": "0",
                "target_type": "serial",
                "type": "pty"
              }
            ],
            "coreos_ignition": null,
            "cpu": [
              {
                "mode": "custom"
              }
            ],
            "description": "",
            "disk": [
              {
                "block_device": "",
                "file": "",
                "scsi": false,
                "url": "",
                "volume_id": "/var/lib/libvirt/images/k8s-nodes_11.qcow2",
                "wwn": ""
              }
            ],
            "emulator": "/usr/bin/qemu-system-x86_64",
            "filesystem": [],
            "firmware": null,
            "fw_cfg_name": "opt/com.coreos/config",
            "graphics": [
              {
                "autoport": true,
                "listen_address": "127.0.0.1",
                "listen_type": "address",
                "type": "spice",
                "websocket": 0
              }
            ],
            "id": "b0c0df40-44f8-42ac-b69d-20c55f5f0c69",
            "initrd": "",
            "kernel": "",
            "machine": "pc",
            "memory": 2048,
            "metadata": null,
            "name": "k8s-nodes-11",
            "network_interface": [
              {
                "addresses": [
                  "10.17.3.11"
                ],
                "bridge": "",
                "hostname": "k8s-nodes-11",
                "mac": "52:54:00:EA:3F:B8",
                "macvtap": "",
                "network_id": "b0523e6f-f58c-48b1-8027-73c6437f5692",
                "network_name": "k8snet",
                "passthrough": "",
                "vepa": "",
                "wait_for_lease": false
              }
            ],
            "nvram": [],
            "qemu_agent": false,
            "running": true,
            "timeouts": null,
            "tpm": [],
            "type": "kvm",
            "vcpu": 2,
            "video": [],
            "xml": []
          },
          "sensitive_attributes": [],
          "private": "eyJlMmJmYjczMC1lY2FhLTExZTYtOGY4OC0zNDM2M2JjN2M0YzAiOnsiY3JlYXRlIjozMDAwMDAwMDAwMDB9fQ==",
          "dependencies": [
            "module.k8s-nodes.libvirt_cloudinit_disk.commoninit",
            "module.k8s-nodes.libvirt_volume.os_image",
            "module.k8s-nodes.libvirt_volume.volume_qcow2",
            "module.network.libvirt_network.kube_network"
          ]
        }
      ]
    },
    {
      "module": "module.k8s-nodes",
      "mode": "managed",
      "type": "libvirt_volume",
      "name": "os_image",
      "provider": "provider[\"registry.terraform.io/dmacvicar/libvirt\"]",
      "instances": [
        {
          "schema_version": 0,
          "attributes": {
            "base_volume_id": null,
            "base_volume_name": null,
            "base_volume_pool": null,
            "format": "qcow2",
            "id": "/var/lib/libvirt/images/os_image",
            "name": "os_image",
            "pool": "default",
            "size": 3758096384,
            "source": "/home/kai/Downloads/noble-server-cloudimg-amd64.img",
            "xml": []
          },
          "sensitive_attributes": [],
          "private": "bnVsbA==",
          "dependencies": [
            "module.network.libvirt_network.kube_network"
          ]
        }
      ]
    },
    {
      "module": "module.k8s-nodes",
      "mode": "managed",
      "type": "libvirt_volume",
      "name": "volume_qcow2",
      "provider": "provider[\"registry.terraform.io/dmacvicar/libvirt\"]",
      "instances": [
        {
          "index_key": 0,
          "schema_version": 0,
          "attributes": {
            "base_volume_id": "/var/lib/libvirt/images/os_image",
            "base_volume_name": null,
            "base_volume_pool": null,
            "format": "qcow2",
            "id": "/var/lib/libvirt/images/k8s-nodes_10.qcow2",
            "name": "k8s-nodes_10.qcow2",
            "pool": "default",
            "size": 26843545600,
            "source": null,
            "xml": []
          },
          "sensitive_attributes": [],
          "private": "bnVsbA==",
          "dependencies": [
            "module.k8s-nodes.libvirt_volume.os_image",
            "module.network.libvirt_network.kube_network"
          ]
        },
        {
          "index_key": 1,
          "schema_version": 0,
          "attributes": {
            "base_volume_id": "/var/lib/libvirt/images/os_image",
            "base_volume_name": null,
            "base_volume_pool": null,
            "format": "qcow2",
            "id": "/var/lib/libvirt/images/k8s-nodes_11.qcow2",
            "name": "k8s-nodes_11.qcow2",
            "pool": "default",
            "size": 26843545600,
            "source": null,
            "xml": []
          },
          "sensitive_attributes": [],
          "private": "bnVsbA==",
          "dependencies": [
            "module.k8s-nodes.libvirt_volume.os_image",
            "module.network.libvirt_network.kube_network"
          ]
        }
      ]
    },
    {
      "module": "module.network",
      "mode": "managed",
      "type": "libvirt_network",
      "name": "kube_network",
      "provider": "provider[\"registry.terraform.io/dmacvicar/libvirt\"]",
      "instances": [
        {
          "schema_version": 0,
          "attributes": {
            "addresses": [
              "10.17.3.0/24"
            ],
            "autostart": false,
            "bridge": "virbr1",
            "dhcp": [
              {
                "enabled": true
              }
            ],
            "dns": [
              {
                "enabled": true,
                "forwarders": [],
                "hosts": [],
                "local_only": true,
                "srvs": []
              }
            ],
            "dnsmasq_options": [],
            "domain": "k8s.local",
            "id": "b0523e6f-f58c-48b1-8027-73c6437f5692",
            "mode": "nat",
            "mtu": null,
            "name": "k8snet",
            "routes": [],
            "xml": []
          },
          "sensitive_attributes": [],
          "private": "bnVsbA=="
        }
      ]
    }
  ],
  "check_results": null
}
